
Microsoft Visual Studio Solution File, Format Version 12.00
# Visual Studio Version 16
VisualStudioVersion = 16.0.29201.188
MinimumVisualStudioVersion = 10.0.40219.1
Project("{FAE04EC0-301F-11D3-BF4B-00C04F79EFBC}") = "addressbook-web-tests", "addressbook-web-tests\addressbook-web-tests.csproj", "{42FF5F4B-CF34-47F7-B745-48DC53459E6D}"
EndProject
Project("{FAE04EC0-301F-11D3-BF4B-00C04F79EFBC}") = "addressbook-test-data-generators", "addressbook-test-data-generators\addressbook-test-data-generators.csproj", "{9EC0669C-D29F-40EA-9DF4-A28C21A5426A}"
	ProjectSection(ProjectDependencies) = postProject
		{42FF5F4B-CF34-47F7-B745-48DC53459E6D} = {42FF5F4B-CF34-47F7-B745-48DC53459E6D}
	EndProjectSection
EndProject
Global
	GlobalSection(SolutionConfigurationPlatforms) = preSolution
		Debug|Any CPU = Debug|Any CPU
		Release|Any CPU = Release|Any CPU
	EndGlobalSection
	GlobalSection(ProjectConfigurationPlatforms) = postSolution
		{42FF5F4B-CF34-47F7-B745-48DC53459E6D}.Debug|Any CPU.ActiveCfg = Debug|Any CPU
		{42FF5F4B-CF34-47F7-B745-48DC53459E6D}.Debug|Any CPU.Build.0 = Debug|Any CPU
		{42FF5F4B-CF34-47F7-B745-48DC53459E6D}.Release|Any CPU.ActiveCfg = Release|Any CPU
		{42FF5F4B-CF34-47F7-B745-48DC53459E6D}.Release|Any CPU.Build.0 = Release|Any CPU
		{9EC0669C-D29F-40EA-9DF4-A28C21A5426A}.Debug|Any CPU.ActiveCfg = Debug|Any CPU
		{9EC0669C-D29F-40EA-9DF4-A28C21A5426A}.Debug|Any CPU.Build.0 = Debug|Any CPU
		{9EC0669C-D29F-40EA-9DF4-A28C21A5426A}.Release|Any CPU.ActiveCfg = Release|Any CPU
		{9EC0669C-D29F-40EA-9DF4-A28C21A5426A}.Release|Any CPU.Build.0 = Release|Any CPU
	EndGlobalSection
	GlobalSection(SolutionProperties) = preSolution
		HideSolutionNode = FALSE
	EndGlobalSection
	GlobalSection(ExtensibilityGlobals) = postSolution
		SolutionGuid = {101BFD57-AB70-4ACA-932D-AC546DA90553}
	EndGlobalSection
EndGlobal
